
Microsoft Visual Studio Solution File, Format Version 12.00
# Visual Studio Version 17
VisualStudioVersion = 17.0.31903.59
MinimumVisualStudioVersion = 10.0.40219.1
Project("{9A19103F-16F7-4668-BE54-9A1E7A4F7556}") = "Hierarchy", "Hierarchy.csproj", "{FD8F1BB4-F781-4FCC-8C6D-9416D7EA8FED}"
EndProject
Global
	GlobalSection(SolutionConfigurationPlatforms) = preSolution
		Debug|Any CPU = Debug|Any CPU
		Release|Any CPU = Release|Any CPU
	EndGlobalSection
	GlobalSection(ProjectConfigurationPlatforms) = postSolution
		{FD8F1BB4-F781-4FCC-8C6D-9416D7EA8FED}.Debug|Any CPU.ActiveCfg = Debug|Any CPU
		{FD8F1BB4-F781-4FCC-8C6D-9416D7EA8FED}.Debug|Any CPU.Build.0 = Debug|Any CPU
		{FD8F1BB4-F781-4FCC-8C6D-9416D7EA8FED}.Release|Any CPU.ActiveCfg = Release|Any CPU
		{FD8F1BB4-F781-4FCC-8C6D-9416D7EA8FED}.Release|Any CPU.Build.0 = Release|Any CPU
	EndGlobalSection
	GlobalSection(SolutionProperties) = preSolution
		HideSolutionNode = FALSE
	EndGlobalSection
	GlobalSection(ExtensibilityGlobals) = postSolution
		SolutionGuid = {7D079163-CED4-4416-9A01-4A692023C20B}
	EndGlobalSection
EndGlobal
