
Microsoft Visual Studio Solution File, Format Version 12.00
# Visual Studio Version 17
VisualStudioVersion = 17.0.31903.59
MinimumVisualStudioVersion = 10.0.40219.1
Project("{FAE04EC0-301F-11D3-BF4B-00C04F79EFBC}") = "CalculateArea", "CalculateArea\CalculateArea.csproj", "{6764DB75-045A-462A-896D-E7150A08DE85}"
EndProject
Project("{FAE04EC0-301F-11D3-BF4B-00C04F79EFBC}") = "GravityCalculator", "GravityCalculator\GravityCalculator.csproj", "{21B4C2ED-21D7-4F86-9A72-FCAD10DE578E}"
EndProject
Project("{9A19103F-16F7-4668-BE54-9A1E7A4F7556}") = "SumAverageRunningInt", "SumAverageRunningInt\SumAverageRunningInt.csproj", "{3A626440-B412-47F6-A2D2-2330B1840FD6}"
EndProject
Project("{9A19103F-16F7-4668-BE54-9A1E7A4F7556}") = "Task 1", "Task 1\Task 1.csproj", "{2B0F9B35-456E-496B-AC35-56DEE7994349}"
EndProject
Project("{9A19103F-16F7-4668-BE54-9A1E7A4F7556}") = "CheckOddEven", "CheckOddEven\CheckOddEven.csproj", "{A98F5BFD-F947-48FC-9D77-981B0E012B05}"
EndProject
Project("{9A19103F-16F7-4668-BE54-9A1E7A4F7556}") = "Product1ToN", "Task 4\Product1ToN.csproj", "{E22B3BC2-ABE5-4396-8577-FEF3D3C34332}"
EndProject
Project("{FAE04EC0-301F-11D3-BF4B-00C04F79EFBC}") = "Task 5", "Task 5\Task 5.csproj", "{AC7CDE72-CBE7-4686-82E1-A7D56C0AB3B5}"
EndProject
Project("{FAE04EC0-301F-11D3-BF4B-00C04F79EFBC}") = "CozaLozaWoza", "CozaLozaWoza\CozaLozaWoza.csproj", "{970EF94D-E6D4-4358-B4F3-56F6185959AA}"
EndProject
Project("{FAE04EC0-301F-11D3-BF4B-00C04F79EFBC}") = "Foo Corp", "Foo Corp\Foo Corp.csproj", "{4E3EDD2A-5749-4CC0-AB2D-6D45D628723C}"
EndProject
Project("{FAE04EC0-301F-11D3-BF4B-00C04F79EFBC}") = "BMI", "BMI\BMI.csproj", "{654C4018-DED7-47E5-A7A4-2506E289A690}"
EndProject
Project("{FAE04EC0-301F-11D3-BF4B-00C04F79EFBC}") = "ArithmeticTask1.Tests", "ArithmeticTask1.Tests\ArithmeticTask1.Tests.csproj", "{0CA6CF62-11ED-46BC-A296-1A5E3930342D}"
EndProject
Project("{FAE04EC0-301F-11D3-BF4B-00C04F79EFBC}") = "ArithmeticTask2.Tests", "ArithmeticTask2.Tests\ArithmeticTask2.Tests.csproj", "{886C86CE-4EE5-4DCE-A314-042AC16B37D3}"
EndProject
Project("{FAE04EC0-301F-11D3-BF4B-00C04F79EFBC}") = "CozaLozaWoza.Tets", "CozaLozaWoza.Tets\CozaLozaWoza.Tets.csproj", "{44C19430-F4F8-4F41-B148-A9E16EB462B7}"
EndProject
Global
	GlobalSection(SolutionConfigurationPlatforms) = preSolution
		Debug|Any CPU = Debug|Any CPU
		Release|Any CPU = Release|Any CPU
	EndGlobalSection
	GlobalSection(ProjectConfigurationPlatforms) = postSolution
		{6764DB75-045A-462A-896D-E7150A08DE85}.Debug|Any CPU.ActiveCfg = Debug|Any CPU
		{6764DB75-045A-462A-896D-E7150A08DE85}.Debug|Any CPU.Build.0 = Debug|Any CPU
		{6764DB75-045A-462A-896D-E7150A08DE85}.Release|Any CPU.ActiveCfg = Release|Any CPU
		{6764DB75-045A-462A-896D-E7150A08DE85}.Release|Any CPU.Build.0 = Release|Any CPU
		{21B4C2ED-21D7-4F86-9A72-FCAD10DE578E}.Debug|Any CPU.ActiveCfg = Debug|Any CPU
		{21B4C2ED-21D7-4F86-9A72-FCAD10DE578E}.Debug|Any CPU.Build.0 = Debug|Any CPU
		{21B4C2ED-21D7-4F86-9A72-FCAD10DE578E}.Release|Any CPU.ActiveCfg = Release|Any CPU
		{21B4C2ED-21D7-4F86-9A72-FCAD10DE578E}.Release|Any CPU.Build.0 = Release|Any CPU
		{3A626440-B412-47F6-A2D2-2330B1840FD6}.Debug|Any CPU.ActiveCfg = Debug|Any CPU
		{3A626440-B412-47F6-A2D2-2330B1840FD6}.Debug|Any CPU.Build.0 = Debug|Any CPU
		{3A626440-B412-47F6-A2D2-2330B1840FD6}.Release|Any CPU.ActiveCfg = Release|Any CPU
		{3A626440-B412-47F6-A2D2-2330B1840FD6}.Release|Any CPU.Build.0 = Release|Any CPU
		{2B0F9B35-456E-496B-AC35-56DEE7994349}.Debug|Any CPU.ActiveCfg = Debug|Any CPU
		{2B0F9B35-456E-496B-AC35-56DEE7994349}.Debug|Any CPU.Build.0 = Debug|Any CPU
		{2B0F9B35-456E-496B-AC35-56DEE7994349}.Release|Any CPU.ActiveCfg = Release|Any CPU
		{2B0F9B35-456E-496B-AC35-56DEE7994349}.Release|Any CPU.Build.0 = Release|Any CPU
		{A98F5BFD-F947-48FC-9D77-981B0E012B05}.Debug|Any CPU.ActiveCfg = Debug|Any CPU
		{A98F5BFD-F947-48FC-9D77-981B0E012B05}.Debug|Any CPU.Build.0 = Debug|Any CPU
		{A98F5BFD-F947-48FC-9D77-981B0E012B05}.Release|Any CPU.ActiveCfg = Release|Any CPU
		{A98F5BFD-F947-48FC-9D77-981B0E012B05}.Release|Any CPU.Build.0 = Release|Any CPU
		{E22B3BC2-ABE5-4396-8577-FEF3D3C34332}.Debug|Any CPU.ActiveCfg = Debug|Any CPU
		{E22B3BC2-ABE5-4396-8577-FEF3D3C34332}.Debug|Any CPU.Build.0 = Debug|Any CPU
		{E22B3BC2-ABE5-4396-8577-FEF3D3C34332}.Release|Any CPU.ActiveCfg = Release|Any CPU
		{E22B3BC2-ABE5-4396-8577-FEF3D3C34332}.Release|Any CPU.Build.0 = Release|Any CPU
		{AC7CDE72-CBE7-4686-82E1-A7D56C0AB3B5}.Debug|Any CPU.ActiveCfg = Debug|Any CPU
		{AC7CDE72-CBE7-4686-82E1-A7D56C0AB3B5}.Debug|Any CPU.Build.0 = Debug|Any CPU
		{AC7CDE72-CBE7-4686-82E1-A7D56C0AB3B5}.Release|Any CPU.ActiveCfg = Release|Any CPU
		{AC7CDE72-CBE7-4686-82E1-A7D56C0AB3B5}.Release|Any CPU.Build.0 = Release|Any CPU
		{970EF94D-E6D4-4358-B4F3-56F6185959AA}.Debug|Any CPU.ActiveCfg = Debug|Any CPU
		{970EF94D-E6D4-4358-B4F3-56F6185959AA}.Debug|Any CPU.Build.0 = Debug|Any CPU
		{970EF94D-E6D4-4358-B4F3-56F6185959AA}.Release|Any CPU.ActiveCfg = Release|Any CPU
		{970EF94D-E6D4-4358-B4F3-56F6185959AA}.Release|Any CPU.Build.0 = Release|Any CPU
		{4E3EDD2A-5749-4CC0-AB2D-6D45D628723C}.Debug|Any CPU.ActiveCfg = Debug|Any CPU
		{4E3EDD2A-5749-4CC0-AB2D-6D45D628723C}.Debug|Any CPU.Build.0 = Debug|Any CPU
		{4E3EDD2A-5749-4CC0-AB2D-6D45D628723C}.Release|Any CPU.ActiveCfg = Release|Any CPU
		{4E3EDD2A-5749-4CC0-AB2D-6D45D628723C}.Release|Any CPU.Build.0 = Release|Any CPU
		{654C4018-DED7-47E5-A7A4-2506E289A690}.Debug|Any CPU.ActiveCfg = Debug|Any CPU
		{654C4018-DED7-47E5-A7A4-2506E289A690}.Debug|Any CPU.Build.0 = Debug|Any CPU
		{654C4018-DED7-47E5-A7A4-2506E289A690}.Release|Any CPU.ActiveCfg = Release|Any CPU
		{654C4018-DED7-47E5-A7A4-2506E289A690}.Release|Any CPU.Build.0 = Release|Any CPU
		{0CA6CF62-11ED-46BC-A296-1A5E3930342D}.Debug|Any CPU.ActiveCfg = Debug|Any CPU
		{0CA6CF62-11ED-46BC-A296-1A5E3930342D}.Debug|Any CPU.Build.0 = Debug|Any CPU
		{0CA6CF62-11ED-46BC-A296-1A5E3930342D}.Release|Any CPU.ActiveCfg = Release|Any CPU
		{0CA6CF62-11ED-46BC-A296-1A5E3930342D}.Release|Any CPU.Build.0 = Release|Any CPU
		{886C86CE-4EE5-4DCE-A314-042AC16B37D3}.Debug|Any CPU.ActiveCfg = Debug|Any CPU
		{886C86CE-4EE5-4DCE-A314-042AC16B37D3}.Debug|Any CPU.Build.0 = Debug|Any CPU
		{886C86CE-4EE5-4DCE-A314-042AC16B37D3}.Release|Any CPU.ActiveCfg = Release|Any CPU
		{886C86CE-4EE5-4DCE-A314-042AC16B37D3}.Release|Any CPU.Build.0 = Release|Any CPU
		{44C19430-F4F8-4F41-B148-A9E16EB462B7}.Debug|Any CPU.ActiveCfg = Debug|Any CPU
		{44C19430-F4F8-4F41-B148-A9E16EB462B7}.Debug|Any CPU.Build.0 = Debug|Any CPU
		{44C19430-F4F8-4F41-B148-A9E16EB462B7}.Release|Any CPU.ActiveCfg = Release|Any CPU
		{44C19430-F4F8-4F41-B148-A9E16EB462B7}.Release|Any CPU.Build.0 = Release|Any CPU
	EndGlobalSection
	GlobalSection(SolutionProperties) = preSolution
		HideSolutionNode = FALSE
	EndGlobalSection
	GlobalSection(ExtensibilityGlobals) = postSolution
		SolutionGuid = {22A75822-3C36-4529-B369-1F5A7653AD59}
	EndGlobalSection
EndGlobal
